
Microsoft Visual Studio Solution File, Format Version 12.00
# Visual Studio Version 16
VisualStudioVersion = 16.0.29728.190
MinimumVisualStudioVersion = 10.0.40219.1
Project("{FAE04EC0-301F-11D3-BF4B-00C04F79EFBC}") = "Client", "Client\Client.csproj", "{393B177F-1A97-4543-BEB5-F678B96A69F2}"
EndProject
Global
	GlobalSection(SolutionConfigurationPlatforms) = preSolution
		Debug|Any CPU = Debug|Any CPU
		Release|Any CPU = Release|Any CPU
	EndGlobalSection
	GlobalSection(ProjectConfigurationPlatforms) = postSolution
		{393B177F-1A97-4543-BEB5-F678B96A69F2}.Debug|Any CPU.ActiveCfg = Debug|Any CPU
		{393B177F-1A97-4543-BEB5-F678B96A69F2}.Debug|Any CPU.Build.0 = Debug|Any CPU
		{393B177F-1A97-4543-BEB5-F678B96A69F2}.Release|Any CPU.ActiveCfg = Release|Any CPU
		{393B177F-1A97-4543-BEB5-F678B96A69F2}.Release|Any CPU.Build.0 = Release|Any CPU
	EndGlobalSection
	GlobalSection(SolutionProperties) = preSolution
		HideSolutionNode = FALSE
	EndGlobalSection
	GlobalSection(ExtensibilityGlobals) = postSolution
		SolutionGuid = {84B595E7-4742-4FE1-989D-61207E5A7F72}
	EndGlobalSection
EndGlobal
